
Microsoft Visual Studio Solution File, Format Version 12.00
# Visual Studio Version 17
VisualStudioVersion = 17.10.34928.147
MinimumVisualStudioVersion = 10.0.40219.1
Project("{FAE04EC0-301F-11D3-BF4B-00C04F79EFBC}") = "VirusTotalMicroService", "VirusTotalMicroService.csproj", "{9467F6FF-1638-477F-872D-248431AA7E26}"
EndProject
Global
	GlobalSection(SolutionConfigurationPlatforms) = preSolution
		Debug|Any CPU = Debug|Any CPU
		Release|Any CPU = Release|Any CPU
	EndGlobalSection
	GlobalSection(ProjectConfigurationPlatforms) = postSolution
		{9467F6FF-1638-477F-872D-248431AA7E26}.Debug|Any CPU.ActiveCfg = Debug|Any CPU
		{9467F6FF-1638-477F-872D-248431AA7E26}.Debug|Any CPU.Build.0 = Debug|Any CPU
		{9467F6FF-1638-477F-872D-248431AA7E26}.Release|Any CPU.ActiveCfg = Release|Any CPU
		{9467F6FF-1638-477F-872D-248431AA7E26}.Release|Any CPU.Build.0 = Release|Any CPU
	EndGlobalSection
	GlobalSection(SolutionProperties) = preSolution
		HideSolutionNode = FALSE
	EndGlobalSection
	GlobalSection(ExtensibilityGlobals) = postSolution
		SolutionGuid = {298432B1-FC56-4BDD-A60F-002CF0D7F5F6}
	EndGlobalSection
EndGlobal
